
Microsoft Visual Studio Solution File, Format Version 12.00
# Visual Studio 15
VisualStudioVersion = 15.0.28010.2003
MinimumVisualStudioVersion = 10.0.40219.1
Project("{FAE04EC0-301F-11D3-BF4B-00C04F79EFBC}") = "VidzyCodeFirst", "VidzyCodeFirst\VidzyCodeFirst.csproj", "{49A180D1-8AB8-4A94-84B1-136A16C76ACD}"
EndProject
Global
	GlobalSection(SolutionConfigurationPlatforms) = preSolution
		Debug|Any CPU = Debug|Any CPU
		Release|Any CPU = Release|Any CPU
	EndGlobalSection
	GlobalSection(ProjectConfigurationPlatforms) = postSolution
		{49A180D1-8AB8-4A94-84B1-136A16C76ACD}.Debug|Any CPU.ActiveCfg = Debug|Any CPU
		{49A180D1-8AB8-4A94-84B1-136A16C76ACD}.Debug|Any CPU.Build.0 = Debug|Any CPU
		{49A180D1-8AB8-4A94-84B1-136A16C76ACD}.Release|Any CPU.ActiveCfg = Release|Any CPU
		{49A180D1-8AB8-4A94-84B1-136A16C76ACD}.Release|Any CPU.Build.0 = Release|Any CPU
	EndGlobalSection
	GlobalSection(SolutionProperties) = preSolution
		HideSolutionNode = FALSE
	EndGlobalSection
	GlobalSection(ExtensibilityGlobals) = postSolution
		SolutionGuid = {19CFEDFB-AC7D-4287-8DD7-CFDD7AB3EEB3}
	EndGlobalSection
EndGlobal
